
Microsoft Visual Studio Solution File, Format Version 12.00
# Visual Studio Version 17
VisualStudioVersion = 17.0.31903.59
MinimumVisualStudioVersion = 10.0.40219.1
Project("{FAE04EC0-301F-11D3-BF4B-00C04F79EFBC}") = "AzurLaneDatabase", "AzurLaneDatabase.csproj", "{127826B3-AAA2-416C-B862-FAFA53F9015A}"
EndProject
Global
	GlobalSection(SolutionConfigurationPlatforms) = preSolution
		Debug|Any CPU = Debug|Any CPU
		Release|Any CPU = Release|Any CPU
	EndGlobalSection
	GlobalSection(ProjectConfigurationPlatforms) = postSolution
		{127826B3-AAA2-416C-B862-FAFA53F9015A}.Debug|Any CPU.ActiveCfg = Debug|Any CPU
		{127826B3-AAA2-416C-B862-FAFA53F9015A}.Debug|Any CPU.Build.0 = Debug|Any CPU
		{127826B3-AAA2-416C-B862-FAFA53F9015A}.Release|Any CPU.ActiveCfg = Release|Any CPU
		{127826B3-AAA2-416C-B862-FAFA53F9015A}.Release|Any CPU.Build.0 = Release|Any CPU
	EndGlobalSection
	GlobalSection(SolutionProperties) = preSolution
		HideSolutionNode = FALSE
	EndGlobalSection
	GlobalSection(ExtensibilityGlobals) = postSolution
		SolutionGuid = {16A67ABF-D45B-4C11-9C0C-33970F6E2227}
	EndGlobalSection
EndGlobal
